
Microsoft Visual Studio Solution File, Format Version 12.00
# Visual Studio Version 17
VisualStudioVersion = 17.6.33829.357
MinimumVisualStudioVersion = 10.0.40219.1
Project("{FAE04EC0-301F-11D3-BF4B-00C04F79EFBC}") = "Pismeni_Bekend", "Pismeni_Bekend\Pismeni_Bekend.csproj", "{C8B6653E-6B79-414D-AFF6-74B89215DF32}"
EndProject
Global
	GlobalSection(SolutionConfigurationPlatforms) = preSolution
		Debug|Any CPU = Debug|Any CPU
		Release|Any CPU = Release|Any CPU
	EndGlobalSection
	GlobalSection(ProjectConfigurationPlatforms) = postSolution
		{C8B6653E-6B79-414D-AFF6-74B89215DF32}.Debug|Any CPU.ActiveCfg = Debug|Any CPU
		{C8B6653E-6B79-414D-AFF6-74B89215DF32}.Debug|Any CPU.Build.0 = Debug|Any CPU
		{C8B6653E-6B79-414D-AFF6-74B89215DF32}.Release|Any CPU.ActiveCfg = Release|Any CPU
		{C8B6653E-6B79-414D-AFF6-74B89215DF32}.Release|Any CPU.Build.0 = Release|Any CPU
	EndGlobalSection
	GlobalSection(SolutionProperties) = preSolution
		HideSolutionNode = FALSE
	EndGlobalSection
	GlobalSection(ExtensibilityGlobals) = postSolution
		SolutionGuid = {5FA50FF9-EE68-4133-BA63-B85A02CE65E4}
	EndGlobalSection
EndGlobal
