
Microsoft Visual Studio Solution File, Format Version 12.00
# Visual Studio Version 17
VisualStudioVersion = 17.6.33829.357
MinimumVisualStudioVersion = 10.0.40219.1
Project("{FAE04EC0-301F-11D3-BF4B-00C04F79EFBC}") = "bekend", "bekend\bekend.csproj", "{ADECE44A-BDD8-447D-A586-1D41A9643DDB}"
EndProject
Global
	GlobalSection(SolutionConfigurationPlatforms) = preSolution
		Debug|Any CPU = Debug|Any CPU
		Release|Any CPU = Release|Any CPU
	EndGlobalSection
	GlobalSection(ProjectConfigurationPlatforms) = postSolution
		{ADECE44A-BDD8-447D-A586-1D41A9643DDB}.Debug|Any CPU.ActiveCfg = Debug|Any CPU
		{ADECE44A-BDD8-447D-A586-1D41A9643DDB}.Debug|Any CPU.Build.0 = Debug|Any CPU
		{ADECE44A-BDD8-447D-A586-1D41A9643DDB}.Release|Any CPU.ActiveCfg = Release|Any CPU
		{ADECE44A-BDD8-447D-A586-1D41A9643DDB}.Release|Any CPU.Build.0 = Release|Any CPU
	EndGlobalSection
	GlobalSection(SolutionProperties) = preSolution
		HideSolutionNode = FALSE
	EndGlobalSection
	GlobalSection(ExtensibilityGlobals) = postSolution
		SolutionGuid = {79A0B281-653C-4347-90C6-7938C44CDAE4}
	EndGlobalSection
EndGlobal
